
Microsoft Visual Studio Solution File, Format Version 12.00
# Visual Studio Version 17
VisualStudioVersion = 17.0.31903.59
MinimumVisualStudioVersion = 10.0.40219.1
Project("{2150E333-8FDC-42A3-9474-1A3956D46DE8}") = "src", "src", "{827E0CD3-B72D-47B6-A68D-7590B98EB39B}"
EndProject
Project("{2150E333-8FDC-42A3-9474-1A3956D46DE8}") = "Shared", "Shared", "{C8E42992-5E42-0C2B-DBFE-AA848D06431C}"
EndProject
Project("{FAE04EC0-301F-11D3-BF4B-00C04F79EFBC}") = "Shared.Common", "src\Shared\Shared.Common\Shared.Common.csproj", "{C1BB86EC-D56E-415E-8D9D-B002A1735CCC}"
EndProject
Project("{FAE04EC0-301F-11D3-BF4B-00C04F79EFBC}") = "Shared.Events", "src\Shared\Shared.Events\Shared.Events.csproj", "{10BA9DF0-2A3E-4988-8620-821F3BE41BE0}"
EndProject
Project("{2150E333-8FDC-42A3-9474-1A3956D46DE8}") = "Services", "Services", "{984BB9B3-3FA3-BE33-9484-CAC21695A33C}"
EndProject
Project("{2150E333-8FDC-42A3-9474-1A3956D46DE8}") = "AuthService", "AuthService", "{B0ED8887-1092-5A1A-EC04-2B6B0F6E9C33}"
EndProject
Project("{FAE04EC0-301F-11D3-BF4B-00C04F79EFBC}") = "AuthService.Domain", "src\Services\AuthService\AuthService.Domain\AuthService.Domain.csproj", "{10CB838D-A3B6-43E2-A75B-201FA27EFF4A}"
EndProject
Project("{FAE04EC0-301F-11D3-BF4B-00C04F79EFBC}") = "AuthService.Application", "src\Services\AuthService\AuthService.Application\AuthService.Application.csproj", "{7DCA6021-8826-49FD-A56C-9A88541BDE4F}"
EndProject
Project("{FAE04EC0-301F-11D3-BF4B-00C04F79EFBC}") = "AuthService.Infrastructure", "src\Services\AuthService\AuthService.Infrastructure\AuthService.Infrastructure.csproj", "{961947EA-E9FA-412E-8A9B-F6ADAFCE6504}"
EndProject
Project("{FAE04EC0-301F-11D3-BF4B-00C04F79EFBC}") = "AuthService.API", "src\Services\AuthService\AuthService.API\AuthService.API.csproj", "{BC03A346-D529-482E-BE96-ED2563143F9B}"
EndProject
Project("{2150E333-8FDC-42A3-9474-1A3956D46DE8}") = "ProductService", "ProductService", "{C956A69C-8222-8E0F-7E05-45145B4D88F9}"
EndProject
Project("{FAE04EC0-301F-11D3-BF4B-00C04F79EFBC}") = "ProductService.Domain", "src\Services\ProductService\ProductService.Domain\ProductService.Domain.csproj", "{AD43A169-3A6D-4669-9408-ED6B66E8C1FA}"
EndProject
Project("{FAE04EC0-301F-11D3-BF4B-00C04F79EFBC}") = "ProductService.Application", "src\Services\ProductService\ProductService.Application\ProductService.Application.csproj", "{0AD66710-02CE-45A4-9504-2FC007DAEC47}"
EndProject
Project("{FAE04EC0-301F-11D3-BF4B-00C04F79EFBC}") = "ProductService.Infrastructure", "src\Services\ProductService\ProductService.Infrastructure\ProductService.Infrastructure.csproj", "{C37C3016-5493-4194-955F-CE31947BB256}"
EndProject
Project("{FAE04EC0-301F-11D3-BF4B-00C04F79EFBC}") = "ProductService.Persistence", "src\Services\ProductService\ProductService.Persistence\ProductService.Persistence.csproj", "{02A7BA73-2F61-4639-80B9-47E609302565}"
EndProject
Project("{FAE04EC0-301F-11D3-BF4B-00C04F79EFBC}") = "ProductService.API", "src\Services\ProductService\ProductService.API\ProductService.API.csproj", "{F95854B8-7FDB-46FA-919D-AFA8A7444142}"
EndProject
Project("{2150E333-8FDC-42A3-9474-1A3956D46DE8}") = "LogService", "LogService", "{6F7DDFF7-500B-0A42-AA6D-A5C645B5826A}"
EndProject
Project("{FAE04EC0-301F-11D3-BF4B-00C04F79EFBC}") = "LogService.Domain", "src\Services\LogService\LogService.Domain\LogService.Domain.csproj", "{D70F1718-C70F-4543-BE43-E6D249E4B6CD}"
EndProject
Project("{FAE04EC0-301F-11D3-BF4B-00C04F79EFBC}") = "LogService.Application", "src\Services\LogService\LogService.Application\LogService.Application.csproj", "{6385C224-D2C1-4313-8ADE-50268AB324BC}"
EndProject
Project("{FAE04EC0-301F-11D3-BF4B-00C04F79EFBC}") = "LogService.Infrastructure", "src\Services\LogService\LogService.Infrastructure\LogService.Infrastructure.csproj", "{AC318422-E0EF-42FE-9FE0-B243065ED9EC}"
EndProject
Project("{FAE04EC0-301F-11D3-BF4B-00C04F79EFBC}") = "LogService.API", "src\Services\LogService\LogService.API\LogService.API.csproj", "{A427F343-4F32-4D12-AA32-4071A8B0F83C}"
EndProject
Project("{FAE04EC0-301F-11D3-BF4B-00C04F79EFBC}") = "ApiGateway", "src\ApiGateway\ApiGateway.csproj", "{5CE7249B-792B-4601-BEA3-541A15CD2F43}"
EndProject
Global
	GlobalSection(SolutionConfigurationPlatforms) = preSolution
		Debug|Any CPU = Debug|Any CPU
		Debug|x64 = Debug|x64
		Debug|x86 = Debug|x86
		Release|Any CPU = Release|Any CPU
		Release|x64 = Release|x64
		Release|x86 = Release|x86
	EndGlobalSection
	GlobalSection(ProjectConfigurationPlatforms) = postSolution
		{C1BB86EC-D56E-415E-8D9D-B002A1735CCC}.Debug|Any CPU.ActiveCfg = Debug|Any CPU
		{C1BB86EC-D56E-415E-8D9D-B002A1735CCC}.Debug|Any CPU.Build.0 = Debug|Any CPU
		{C1BB86EC-D56E-415E-8D9D-B002A1735CCC}.Debug|x64.ActiveCfg = Debug|Any CPU
		{C1BB86EC-D56E-415E-8D9D-B002A1735CCC}.Debug|x64.Build.0 = Debug|Any CPU
		{C1BB86EC-D56E-415E-8D9D-B002A1735CCC}.Debug|x86.ActiveCfg = Debug|Any CPU
		{C1BB86EC-D56E-415E-8D9D-B002A1735CCC}.Debug|x86.Build.0 = Debug|Any CPU
		{C1BB86EC-D56E-415E-8D9D-B002A1735CCC}.Release|Any CPU.ActiveCfg = Release|Any CPU
		{C1BB86EC-D56E-415E-8D9D-B002A1735CCC}.Release|Any CPU.Build.0 = Release|Any CPU
		{C1BB86EC-D56E-415E-8D9D-B002A1735CCC}.Release|x64.ActiveCfg = Release|Any CPU
		{C1BB86EC-D56E-415E-8D9D-B002A1735CCC}.Release|x64.Build.0 = Release|Any CPU
		{C1BB86EC-D56E-415E-8D9D-B002A1735CCC}.Release|x86.ActiveCfg = Release|Any CPU
		{C1BB86EC-D56E-415E-8D9D-B002A1735CCC}.Release|x86.Build.0 = Release|Any CPU
		{10BA9DF0-2A3E-4988-8620-821F3BE41BE0}.Debug|Any CPU.ActiveCfg = Debug|Any CPU
		{10BA9DF0-2A3E-4988-8620-821F3BE41BE0}.Debug|Any CPU.Build.0 = Debug|Any CPU
		{10BA9DF0-2A3E-4988-8620-821F3BE41BE0}.Debug|x64.ActiveCfg = Debug|Any CPU
		{10BA9DF0-2A3E-4988-8620-821F3BE41BE0}.Debug|x64.Build.0 = Debug|Any CPU
		{10BA9DF0-2A3E-4988-8620-821F3BE41BE0}.Debug|x86.ActiveCfg = Debug|Any CPU
		{10BA9DF0-2A3E-4988-8620-821F3BE41BE0}.Debug|x86.Build.0 = Debug|Any CPU
		{10BA9DF0-2A3E-4988-8620-821F3BE41BE0}.Release|Any CPU.ActiveCfg = Release|Any CPU
		{10BA9DF0-2A3E-4988-8620-821F3BE41BE0}.Release|Any CPU.Build.0 = Release|Any CPU
		{10BA9DF0-2A3E-4988-8620-821F3BE41BE0}.Release|x64.ActiveCfg = Release|Any CPU
		{10BA9DF0-2A3E-4988-8620-821F3BE41BE0}.Release|x64.Build.0 = Release|Any CPU
		{10BA9DF0-2A3E-4988-8620-821F3BE41BE0}.Release|x86.ActiveCfg = Release|Any CPU
		{10BA9DF0-2A3E-4988-8620-821F3BE41BE0}.Release|x86.Build.0 = Release|Any CPU
		{10CB838D-A3B6-43E2-A75B-201FA27EFF4A}.Debug|Any CPU.ActiveCfg = Debug|Any CPU
		{10CB838D-A3B6-43E2-A75B-201FA27EFF4A}.Debug|Any CPU.Build.0 = Debug|Any CPU
		{10CB838D-A3B6-43E2-A75B-201FA27EFF4A}.Debug|x64.ActiveCfg = Debug|Any CPU
		{10CB838D-A3B6-43E2-A75B-201FA27EFF4A}.Debug|x64.Build.0 = Debug|Any CPU
		{10CB838D-A3B6-43E2-A75B-201FA27EFF4A}.Debug|x86.ActiveCfg = Debug|Any CPU
		{10CB838D-A3B6-43E2-A75B-201FA27EFF4A}.Debug|x86.Build.0 = Debug|Any CPU
		{10CB838D-A3B6-43E2-A75B-201FA27EFF4A}.Release|Any CPU.ActiveCfg = Release|Any CPU
		{10CB838D-A3B6-43E2-A75B-201FA27EFF4A}.Release|Any CPU.Build.0 = Release|Any CPU
		{10CB838D-A3B6-43E2-A75B-201FA27EFF4A}.Release|x64.ActiveCfg = Release|Any CPU
		{10CB838D-A3B6-43E2-A75B-201FA27EFF4A}.Release|x64.Build.0 = Release|Any CPU
		{10CB838D-A3B6-43E2-A75B-201FA27EFF4A}.Release|x86.ActiveCfg = Release|Any CPU
		{10CB838D-A3B6-43E2-A75B-201FA27EFF4A}.Release|x86.Build.0 = Release|Any CPU
		{7DCA6021-8826-49FD-A56C-9A88541BDE4F}.Debug|Any CPU.ActiveCfg = Debug|Any CPU
		{7DCA6021-8826-49FD-A56C-9A88541BDE4F}.Debug|Any CPU.Build.0 = Debug|Any CPU
		{7DCA6021-8826-49FD-A56C-9A88541BDE4F}.Debug|x64.ActiveCfg = Debug|Any CPU
		{7DCA6021-8826-49FD-A56C-9A88541BDE4F}.Debug|x64.Build.0 = Debug|Any CPU
		{7DCA6021-8826-49FD-A56C-9A88541BDE4F}.Debug|x86.ActiveCfg = Debug|Any CPU
		{7DCA6021-8826-49FD-A56C-9A88541BDE4F}.Debug|x86.Build.0 = Debug|Any CPU
		{7DCA6021-8826-49FD-A56C-9A88541BDE4F}.Release|Any CPU.ActiveCfg = Release|Any CPU
		{7DCA6021-8826-49FD-A56C-9A88541BDE4F}.Release|Any CPU.Build.0 = Release|Any CPU
		{7DCA6021-8826-49FD-A56C-9A88541BDE4F}.Release|x64.ActiveCfg = Release|Any CPU
		{7DCA6021-8826-49FD-A56C-9A88541BDE4F}.Release|x64.Build.0 = Release|Any CPU
		{7DCA6021-8826-49FD-A56C-9A88541BDE4F}.Release|x86.ActiveCfg = Release|Any CPU
		{7DCA6021-8826-49FD-A56C-9A88541BDE4F}.Release|x86.Build.0 = Release|Any CPU
		{961947EA-E9FA-412E-8A9B-F6ADAFCE6504}.Debug|Any CPU.ActiveCfg = Debug|Any CPU
		{961947EA-E9FA-412E-8A9B-F6ADAFCE6504}.Debug|Any CPU.Build.0 = Debug|Any CPU
		{961947EA-E9FA-412E-8A9B-F6ADAFCE6504}.Debug|x64.ActiveCfg = Debug|Any CPU
		{961947EA-E9FA-412E-8A9B-F6ADAFCE6504}.Debug|x64.Build.0 = Debug|Any CPU
		{961947EA-E9FA-412E-8A9B-F6ADAFCE6504}.Debug|x86.ActiveCfg = Debug|Any CPU
		{961947EA-E9FA-412E-8A9B-F6ADAFCE6504}.Debug|x86.Build.0 = Debug|Any CPU
		{961947EA-E9FA-412E-8A9B-F6ADAFCE6504}.Release|Any CPU.ActiveCfg = Release|Any CPU
		{961947EA-E9FA-412E-8A9B-F6ADAFCE6504}.Release|Any CPU.Build.0 = Release|Any CPU
		{961947EA-E9FA-412E-8A9B-F6ADAFCE6504}.Release|x64.ActiveCfg = Release|Any CPU
		{961947EA-E9FA-412E-8A9B-F6ADAFCE6504}.Release|x64.Build.0 = Release|Any CPU
		{961947EA-E9FA-412E-8A9B-F6ADAFCE6504}.Release|x86.ActiveCfg = Release|Any CPU
		{961947EA-E9FA-412E-8A9B-F6ADAFCE6504}.Release|x86.Build.0 = Release|Any CPU
		{BC03A346-D529-482E-BE96-ED2563143F9B}.Debug|Any CPU.ActiveCfg = Debug|Any CPU
		{BC03A346-D529-482E-BE96-ED2563143F9B}.Debug|Any CPU.Build.0 = Debug|Any CPU
		{BC03A346-D529-482E-BE96-ED2563143F9B}.Debug|x64.ActiveCfg = Debug|Any CPU
		{BC03A346-D529-482E-BE96-ED2563143F9B}.Debug|x64.Build.0 = Debug|Any CPU
		{BC03A346-D529-482E-BE96-ED2563143F9B}.Debug|x86.ActiveCfg = Debug|Any CPU
		{BC03A346-D529-482E-BE96-ED2563143F9B}.Debug|x86.Build.0 = Debug|Any CPU
		{BC03A346-D529-482E-BE96-ED2563143F9B}.Release|Any CPU.ActiveCfg = Release|Any CPU
		{BC03A346-D529-482E-BE96-ED2563143F9B}.Release|Any CPU.Build.0 = Release|Any CPU
		{BC03A346-D529-482E-BE96-ED2563143F9B}.Release|x64.ActiveCfg = Release|Any CPU
		{BC03A346-D529-482E-BE96-ED2563143F9B}.Release|x64.Build.0 = Release|Any CPU
		{BC03A346-D529-482E-BE96-ED2563143F9B}.Release|x86.ActiveCfg = Release|Any CPU
		{BC03A346-D529-482E-BE96-ED2563143F9B}.Release|x86.Build.0 = Release|Any CPU
		{AD43A169-3A6D-4669-9408-ED6B66E8C1FA}.Debug|Any CPU.ActiveCfg = Debug|Any CPU
		{AD43A169-3A6D-4669-9408-ED6B66E8C1FA}.Debug|Any CPU.Build.0 = Debug|Any CPU
		{AD43A169-3A6D-4669-9408-ED6B66E8C1FA}.Debug|x64.ActiveCfg = Debug|Any CPU
		{AD43A169-3A6D-4669-9408-ED6B66E8C1FA}.Debug|x64.Build.0 = Debug|Any CPU
		{AD43A169-3A6D-4669-9408-ED6B66E8C1FA}.Debug|x86.ActiveCfg = Debug|Any CPU
		{AD43A169-3A6D-4669-9408-ED6B66E8C1FA}.Debug|x86.Build.0 = Debug|Any CPU
		{AD43A169-3A6D-4669-9408-ED6B66E8C1FA}.Release|Any CPU.ActiveCfg = Release|Any CPU
		{AD43A169-3A6D-4669-9408-ED6B66E8C1FA}.Release|Any CPU.Build.0 = Release|Any CPU
		{AD43A169-3A6D-4669-9408-ED6B66E8C1FA}.Release|x64.ActiveCfg = Release|Any CPU
		{AD43A169-3A6D-4669-9408-ED6B66E8C1FA}.Release|x64.Build.0 = Release|Any CPU
		{AD43A169-3A6D-4669-9408-ED6B66E8C1FA}.Release|x86.ActiveCfg = Release|Any CPU
		{AD43A169-3A6D-4669-9408-ED6B66E8C1FA}.Release|x86.Build.0 = Release|Any CPU
		{0AD66710-02CE-45A4-9504-2FC007DAEC47}.Debug|Any CPU.ActiveCfg = Debug|Any CPU
		{0AD66710-02CE-45A4-9504-2FC007DAEC47}.Debug|Any CPU.Build.0 = Debug|Any CPU
		{0AD66710-02CE-45A4-9504-2FC007DAEC47}.Debug|x64.ActiveCfg = Debug|Any CPU
		{0AD66710-02CE-45A4-9504-2FC007DAEC47}.Debug|x64.Build.0 = Debug|Any CPU
		{0AD66710-02CE-45A4-9504-2FC007DAEC47}.Debug|x86.ActiveCfg = Debug|Any CPU
		{0AD66710-02CE-45A4-9504-2FC007DAEC47}.Debug|x86.Build.0 = Debug|Any CPU
		{0AD66710-02CE-45A4-9504-2FC007DAEC47}.Release|Any CPU.ActiveCfg = Release|Any CPU
		{0AD66710-02CE-45A4-9504-2FC007DAEC47}.Release|Any CPU.Build.0 = Release|Any CPU
		{0AD66710-02CE-45A4-9504-2FC007DAEC47}.Release|x64.ActiveCfg = Release|Any CPU
		{0AD66710-02CE-45A4-9504-2FC007DAEC47}.Release|x64.Build.0 = Release|Any CPU
		{0AD66710-02CE-45A4-9504-2FC007DAEC47}.Release|x86.ActiveCfg = Release|Any CPU
		{0AD66710-02CE-45A4-9504-2FC007DAEC47}.Release|x86.Build.0 = Release|Any CPU
		{C37C3016-5493-4194-955F-CE31947BB256}.Debug|Any CPU.ActiveCfg = Debug|Any CPU
		{C37C3016-5493-4194-955F-CE31947BB256}.Debug|Any CPU.Build.0 = Debug|Any CPU
		{C37C3016-5493-4194-955F-CE31947BB256}.Debug|x64.ActiveCfg = Debug|Any CPU
		{C37C3016-5493-4194-955F-CE31947BB256}.Debug|x64.Build.0 = Debug|Any CPU
		{C37C3016-5493-4194-955F-CE31947BB256}.Debug|x86.ActiveCfg = Debug|Any CPU
		{C37C3016-5493-4194-955F-CE31947BB256}.Debug|x86.Build.0 = Debug|Any CPU
		{C37C3016-5493-4194-955F-CE31947BB256}.Release|Any CPU.ActiveCfg = Release|Any CPU
		{C37C3016-5493-4194-955F-CE31947BB256}.Release|Any CPU.Build.0 = Release|Any CPU
		{C37C3016-5493-4194-955F-CE31947BB256}.Release|x64.ActiveCfg = Release|Any CPU
		{C37C3016-5493-4194-955F-CE31947BB256}.Release|x64.Build.0 = Release|Any CPU
		{C37C3016-5493-4194-955F-CE31947BB256}.Release|x86.ActiveCfg = Release|Any CPU
		{C37C3016-5493-4194-955F-CE31947BB256}.Release|x86.Build.0 = Release|Any CPU
		{02A7BA73-2F61-4639-80B9-47E609302565}.Debug|Any CPU.ActiveCfg = Debug|Any CPU
		{02A7BA73-2F61-4639-80B9-47E609302565}.Debug|Any CPU.Build.0 = Debug|Any CPU
		{02A7BA73-2F61-4639-80B9-47E609302565}.Debug|x64.ActiveCfg = Debug|Any CPU
		{02A7BA73-2F61-4639-80B9-47E609302565}.Debug|x64.Build.0 = Debug|Any CPU
		{02A7BA73-2F61-4639-80B9-47E609302565}.Debug|x86.ActiveCfg = Debug|Any CPU
		{02A7BA73-2F61-4639-80B9-47E609302565}.Debug|x86.Build.0 = Debug|Any CPU
		{02A7BA73-2F61-4639-80B9-47E609302565}.Release|Any CPU.ActiveCfg = Release|Any CPU
		{02A7BA73-2F61-4639-80B9-47E609302565}.Release|Any CPU.Build.0 = Release|Any CPU
		{02A7BA73-2F61-4639-80B9-47E609302565}.Release|x64.ActiveCfg = Release|Any CPU
		{02A7BA73-2F61-4639-80B9-47E609302565}.Release|x64.Build.0 = Release|Any CPU
		{02A7BA73-2F61-4639-80B9-47E609302565}.Release|x86.ActiveCfg = Release|Any CPU
		{02A7BA73-2F61-4639-80B9-47E609302565}.Release|x86.Build.0 = Release|Any CPU
		{F95854B8-7FDB-46FA-919D-AFA8A7444142}.Debug|Any CPU.ActiveCfg = Debug|Any CPU
		{F95854B8-7FDB-46FA-919D-AFA8A7444142}.Debug|Any CPU.Build.0 = Debug|Any CPU
		{F95854B8-7FDB-46FA-919D-AFA8A7444142}.Debug|x64.ActiveCfg = Debug|Any CPU
		{F95854B8-7FDB-46FA-919D-AFA8A7444142}.Debug|x64.Build.0 = Debug|Any CPU
		{F95854B8-7FDB-46FA-919D-AFA8A7444142}.Debug|x86.ActiveCfg = Debug|Any CPU
		{F95854B8-7FDB-46FA-919D-AFA8A7444142}.Debug|x86.Build.0 = Debug|Any CPU
		{F95854B8-7FDB-46FA-919D-AFA8A7444142}.Release|Any CPU.ActiveCfg = Release|Any CPU
		{F95854B8-7FDB-46FA-919D-AFA8A7444142}.Release|Any CPU.Build.0 = Release|Any CPU
		{F95854B8-7FDB-46FA-919D-AFA8A7444142}.Release|x64.ActiveCfg = Release|Any CPU
		{F95854B8-7FDB-46FA-919D-AFA8A7444142}.Release|x64.Build.0 = Release|Any CPU
		{F95854B8-7FDB-46FA-919D-AFA8A7444142}.Release|x86.ActiveCfg = Release|Any CPU
		{F95854B8-7FDB-46FA-919D-AFA8A7444142}.Release|x86.Build.0 = Release|Any CPU
		{D70F1718-C70F-4543-BE43-E6D249E4B6CD}.Debug|Any CPU.ActiveCfg = Debug|Any CPU
		{D70F1718-C70F-4543-BE43-E6D249E4B6CD}.Debug|Any CPU.Build.0 = Debug|Any CPU
		{D70F1718-C70F-4543-BE43-E6D249E4B6CD}.Debug|x64.ActiveCfg = Debug|Any CPU
		{D70F1718-C70F-4543-BE43-E6D249E4B6CD}.Debug|x64.Build.0 = Debug|Any CPU
		{D70F1718-C70F-4543-BE43-E6D249E4B6CD}.Debug|x86.ActiveCfg = Debug|Any CPU
		{D70F1718-C70F-4543-BE43-E6D249E4B6CD}.Debug|x86.Build.0 = Debug|Any CPU
		{D70F1718-C70F-4543-BE43-E6D249E4B6CD}.Release|Any CPU.ActiveCfg = Release|Any CPU
		{D70F1718-C70F-4543-BE43-E6D249E4B6CD}.Release|Any CPU.Build.0 = Release|Any CPU
		{D70F1718-C70F-4543-BE43-E6D249E4B6CD}.Release|x64.ActiveCfg = Release|Any CPU
		{D70F1718-C70F-4543-BE43-E6D249E4B6CD}.Release|x64.Build.0 = Release|Any CPU
		{D70F1718-C70F-4543-BE43-E6D249E4B6CD}.Release|x86.ActiveCfg = Release|Any CPU
		{D70F1718-C70F-4543-BE43-E6D249E4B6CD}.Release|x86.Build.0 = Release|Any CPU
		{6385C224-D2C1-4313-8ADE-50268AB324BC}.Debug|Any CPU.ActiveCfg = Debug|Any CPU
		{6385C224-D2C1-4313-8ADE-50268AB324BC}.Debug|Any CPU.Build.0 = Debug|Any CPU
		{6385C224-D2C1-4313-8ADE-50268AB324BC}.Debug|x64.ActiveCfg = Debug|Any CPU
		{6385C224-D2C1-4313-8ADE-50268AB324BC}.Debug|x64.Build.0 = Debug|Any CPU
		{6385C224-D2C1-4313-8ADE-50268AB324BC}.Debug|x86.ActiveCfg = Debug|Any CPU
		{6385C224-D2C1-4313-8ADE-50268AB324BC}.Debug|x86.Build.0 = Debug|Any CPU
		{6385C224-D2C1-4313-8ADE-50268AB324BC}.Release|Any CPU.ActiveCfg = Release|Any CPU
		{6385C224-D2C1-4313-8ADE-50268AB324BC}.Release|Any CPU.Build.0 = Release|Any CPU
		{6385C224-D2C1-4313-8ADE-50268AB324BC}.Release|x64.ActiveCfg = Release|Any CPU
		{6385C224-D2C1-4313-8ADE-50268AB324BC}.Release|x64.Build.0 = Release|Any CPU
		{6385C224-D2C1-4313-8ADE-50268AB324BC}.Release|x86.ActiveCfg = Release|Any CPU
		{6385C224-D2C1-4313-8ADE-50268AB324BC}.Release|x86.Build.0 = Release|Any CPU
		{AC318422-E0EF-42FE-9FE0-B243065ED9EC}.Debug|Any CPU.ActiveCfg = Debug|Any CPU
		{AC318422-E0EF-42FE-9FE0-B243065ED9EC}.Debug|Any CPU.Build.0 = Debug|Any CPU
		{AC318422-E0EF-42FE-9FE0-B243065ED9EC}.Debug|x64.ActiveCfg = Debug|Any CPU
		{AC318422-E0EF-42FE-9FE0-B243065ED9EC}.Debug|x64.Build.0 = Debug|Any CPU
		{AC318422-E0EF-42FE-9FE0-B243065ED9EC}.Debug|x86.ActiveCfg = Debug|Any CPU
		{AC318422-E0EF-42FE-9FE0-B243065ED9EC}.Debug|x86.Build.0 = Debug|Any CPU
		{AC318422-E0EF-42FE-9FE0-B243065ED9EC}.Release|Any CPU.ActiveCfg = Release|Any CPU
		{AC318422-E0EF-42FE-9FE0-B243065ED9EC}.Release|Any CPU.Build.0 = Release|Any CPU
		{AC318422-E0EF-42FE-9FE0-B243065ED9EC}.Release|x64.ActiveCfg = Release|Any CPU
		{AC318422-E0EF-42FE-9FE0-B243065ED9EC}.Release|x64.Build.0 = Release|Any CPU
		{AC318422-E0EF-42FE-9FE0-B243065ED9EC}.Release|x86.ActiveCfg = Release|Any CPU
		{AC318422-E0EF-42FE-9FE0-B243065ED9EC}.Release|x86.Build.0 = Release|Any CPU
		{A427F343-4F32-4D12-AA32-4071A8B0F83C}.Debug|Any CPU.ActiveCfg = Debug|Any CPU
		{A427F343-4F32-4D12-AA32-4071A8B0F83C}.Debug|Any CPU.Build.0 = Debug|Any CPU
		{A427F343-4F32-4D12-AA32-4071A8B0F83C}.Debug|x64.ActiveCfg = Debug|Any CPU
		{A427F343-4F32-4D12-AA32-4071A8B0F83C}.Debug|x64.Build.0 = Debug|Any CPU
		{A427F343-4F32-4D12-AA32-4071A8B0F83C}.Debug|x86.ActiveCfg = Debug|Any CPU
		{A427F343-4F32-4D12-AA32-4071A8B0F83C}.Debug|x86.Build.0 = Debug|Any CPU
		{A427F343-4F32-4D12-AA32-4071A8B0F83C}.Release|Any CPU.ActiveCfg = Release|Any CPU
		{A427F343-4F32-4D12-AA32-4071A8B0F83C}.Release|Any CPU.Build.0 = Release|Any CPU
		{A427F343-4F32-4D12-AA32-4071A8B0F83C}.Release|x64.ActiveCfg = Release|Any CPU
		{A427F343-4F32-4D12-AA32-4071A8B0F83C}.Release|x64.Build.0 = Release|Any CPU
		{A427F343-4F32-4D12-AA32-4071A8B0F83C}.Release|x86.ActiveCfg = Release|Any CPU
		{A427F343-4F32-4D12-AA32-4071A8B0F83C}.Release|x86.Build.0 = Release|Any CPU
		{5CE7249B-792B-4601-BEA3-541A15CD2F43}.Debug|Any CPU.ActiveCfg = Debug|Any CPU
		{5CE7249B-792B-4601-BEA3-541A15CD2F43}.Debug|Any CPU.Build.0 = Debug|Any CPU
		{5CE7249B-792B-4601-BEA3-541A15CD2F43}.Debug|x64.ActiveCfg = Debug|Any CPU
		{5CE7249B-792B-4601-BEA3-541A15CD2F43}.Debug|x64.Build.0 = Debug|Any CPU
		{5CE7249B-792B-4601-BEA3-541A15CD2F43}.Debug|x86.ActiveCfg = Debug|Any CPU
		{5CE7249B-792B-4601-BEA3-541A15CD2F43}.Debug|x86.Build.0 = Debug|Any CPU
		{5CE7249B-792B-4601-BEA3-541A15CD2F43}.Release|Any CPU.ActiveCfg = Release|Any CPU
		{5CE7249B-792B-4601-BEA3-541A15CD2F43}.Release|Any CPU.Build.0 = Release|Any CPU
		{5CE7249B-792B-4601-BEA3-541A15CD2F43}.Release|x64.ActiveCfg = Release|Any CPU
		{5CE7249B-792B-4601-BEA3-541A15CD2F43}.Release|x64.Build.0 = Release|Any CPU
		{5CE7249B-792B-4601-BEA3-541A15CD2F43}.Release|x86.ActiveCfg = Release|Any CPU
		{5CE7249B-792B-4601-BEA3-541A15CD2F43}.Release|x86.Build.0 = Release|Any CPU
	EndGlobalSection
	GlobalSection(SolutionProperties) = preSolution
		HideSolutionNode = FALSE
	EndGlobalSection
	GlobalSection(NestedProjects) = preSolution
		{C8E42992-5E42-0C2B-DBFE-AA848D06431C} = {827E0CD3-B72D-47B6-A68D-7590B98EB39B}
		{C1BB86EC-D56E-415E-8D9D-B002A1735CCC} = {C8E42992-5E42-0C2B-DBFE-AA848D06431C}
		{10BA9DF0-2A3E-4988-8620-821F3BE41BE0} = {C8E42992-5E42-0C2B-DBFE-AA848D06431C}
		{984BB9B3-3FA3-BE33-9484-CAC21695A33C} = {827E0CD3-B72D-47B6-A68D-7590B98EB39B}
		{B0ED8887-1092-5A1A-EC04-2B6B0F6E9C33} = {984BB9B3-3FA3-BE33-9484-CAC21695A33C}
		{10CB838D-A3B6-43E2-A75B-201FA27EFF4A} = {B0ED8887-1092-5A1A-EC04-2B6B0F6E9C33}
		{7DCA6021-8826-49FD-A56C-9A88541BDE4F} = {B0ED8887-1092-5A1A-EC04-2B6B0F6E9C33}
		{961947EA-E9FA-412E-8A9B-F6ADAFCE6504} = {B0ED8887-1092-5A1A-EC04-2B6B0F6E9C33}
		{BC03A346-D529-482E-BE96-ED2563143F9B} = {B0ED8887-1092-5A1A-EC04-2B6B0F6E9C33}
		{C956A69C-8222-8E0F-7E05-45145B4D88F9} = {984BB9B3-3FA3-BE33-9484-CAC21695A33C}
		{AD43A169-3A6D-4669-9408-ED6B66E8C1FA} = {C956A69C-8222-8E0F-7E05-45145B4D88F9}
		{0AD66710-02CE-45A4-9504-2FC007DAEC47} = {C956A69C-8222-8E0F-7E05-45145B4D88F9}
		{C37C3016-5493-4194-955F-CE31947BB256} = {C956A69C-8222-8E0F-7E05-45145B4D88F9}
		{02A7BA73-2F61-4639-80B9-47E609302565} = {C956A69C-8222-8E0F-7E05-45145B4D88F9}
		{F95854B8-7FDB-46FA-919D-AFA8A7444142} = {C956A69C-8222-8E0F-7E05-45145B4D88F9}
		{6F7DDFF7-500B-0A42-AA6D-A5C645B5826A} = {984BB9B3-3FA3-BE33-9484-CAC21695A33C}
		{D70F1718-C70F-4543-BE43-E6D249E4B6CD} = {6F7DDFF7-500B-0A42-AA6D-A5C645B5826A}
		{6385C224-D2C1-4313-8ADE-50268AB324BC} = {6F7DDFF7-500B-0A42-AA6D-A5C645B5826A}
		{AC318422-E0EF-42FE-9FE0-B243065ED9EC} = {6F7DDFF7-500B-0A42-AA6D-A5C645B5826A}
		{A427F343-4F32-4D12-AA32-4071A8B0F83C} = {6F7DDFF7-500B-0A42-AA6D-A5C645B5826A}
		{5CE7249B-792B-4601-BEA3-541A15CD2F43} = {827E0CD3-B72D-47B6-A68D-7590B98EB39B}
	EndGlobalSection
EndGlobal
